
Microsoft Visual Studio Solution File, Format Version 12.00
# Visual Studio Version 16
VisualStudioVersion = 16.0.30717.126
MinimumVisualStudioVersion = 10.0.40219.1
Project("{FAE04EC0-301F-11D3-BF4B-00C04F79EFBC}") = "EnTurPåBibloteket", "EnTurPåBibloteket\EnTurPåBibloteket.csproj", "{0448A042-4119-4B07-9F73-ECB914EAE4DF}"
EndProject
Global
	GlobalSection(SolutionConfigurationPlatforms) = preSolution
		Debug|Any CPU = Debug|Any CPU
		Release|Any CPU = Release|Any CPU
	EndGlobalSection
	GlobalSection(ProjectConfigurationPlatforms) = postSolution
		{0448A042-4119-4B07-9F73-ECB914EAE4DF}.Debug|Any CPU.ActiveCfg = Debug|Any CPU
		{0448A042-4119-4B07-9F73-ECB914EAE4DF}.Debug|Any CPU.Build.0 = Debug|Any CPU
		{0448A042-4119-4B07-9F73-ECB914EAE4DF}.Release|Any CPU.ActiveCfg = Release|Any CPU
		{0448A042-4119-4B07-9F73-ECB914EAE4DF}.Release|Any CPU.Build.0 = Release|Any CPU
	EndGlobalSection
	GlobalSection(SolutionProperties) = preSolution
		HideSolutionNode = FALSE
	EndGlobalSection
	GlobalSection(ExtensibilityGlobals) = postSolution
		SolutionGuid = {0D728E9A-09F4-4F61-BF13-1A7D2A5E7078}
	EndGlobalSection
EndGlobal
